
Microsoft Visual Studio Solution File, Format Version 12.00
# Visual Studio 15
Project("{FAE04EC0-301F-11D3-BF4B-00C04F79EFBC}") = "Unity.Timeline", "Unity.Timeline.csproj", "{121D740D-EF1B-30DF-CDAD-CC372B0F53A7}"
EndProject
Project("{FAE04EC0-301F-11D3-BF4B-00C04F79EFBC}") = "Unity.ProBuilder", "Unity.ProBuilder.csproj", "{B0E95AB8-A8A7-375F-9C6B-9B87C1E97C4E}"
EndProject
Project("{FAE04EC0-301F-11D3-BF4B-00C04F79EFBC}") = "Unity.PlasticSCM.Editor", "Unity.PlasticSCM.Editor.csproj", "{064E9CD5-115C-EFDB-029A-291294C68ACE}"
EndProject
Project("{FAE04EC0-301F-11D3-BF4B-00C04F79EFBC}") = "Unity.Mathematics", "Unity.Mathematics.csproj", "{30D2FD19-55DE-C410-F2E4-4C5B30B5B082}"
EndProject
Project("{FAE04EC0-301F-11D3-BF4B-00C04F79EFBC}") = "Unity.Timeline.Editor", "Unity.Timeline.Editor.csproj", "{5B7CEFA9-D2A6-5AF0-562D-B502F93F0F91}"
EndProject
Project("{FAE04EC0-301F-11D3-BF4B-00C04F79EFBC}") = "Unity.TerrainTools.Editor", "Unity.TerrainTools.Editor.csproj", "{999DEFAB-A1E7-66D4-7459-39986FA4E2D1}"
EndProject
Project("{FAE04EC0-301F-11D3-BF4B-00C04F79EFBC}") = "Unity.ProBuilder.Poly2Tri", "Unity.ProBuilder.Poly2Tri.csproj", "{3A52279D-5FA7-6C2A-318B-F585A70D15E8}"
EndProject
Project("{FAE04EC0-301F-11D3-BF4B-00C04F79EFBC}") = "Unity.VisualScripting.Core.Editor", "Unity.VisualScripting.Core.Editor.csproj", "{C8616829-F036-7A8F-6F2B-F9C19DC5E327}"
EndProject
Project("{FAE04EC0-301F-11D3-BF4B-00C04F79EFBC}") = "Unity.TextMeshPro.Editor", "Unity.TextMeshPro.Editor.csproj", "{B5EADED2-D5DA-C85C-2566-2D76AC29132A}"
EndProject
Project("{FAE04EC0-301F-11D3-BF4B-00C04F79EFBC}") = "UnityEngine.TestRunner", "UnityEngine.TestRunner.csproj", "{D4F29E2B-C7DC-AA54-DA9D-7D25567CF107}"
EndProject
Project("{FAE04EC0-301F-11D3-BF4B-00C04F79EFBC}") = "Unity.Burst", "Unity.Burst.csproj", "{C0F61769-2A6D-45F5-D7E2-79912990FAFB}"
EndProject
Project("{FAE04EC0-301F-11D3-BF4B-00C04F79EFBC}") = "Unity.VisualScripting.Flow.Editor", "Unity.VisualScripting.Flow.Editor.csproj", "{360D3DDE-EDF7-3C9F-E948-4BF85D8BCFD9}"
EndProject
Project("{FAE04EC0-301F-11D3-BF4B-00C04F79EFBC}") = "Unity.ProBuilder.Csg", "Unity.ProBuilder.Csg.csproj", "{DE434760-EB14-8F4F-1B4D-16F78D49A776}"
EndProject
Project("{FAE04EC0-301F-11D3-BF4B-00C04F79EFBC}") = "Cinemachine", "Cinemachine.csproj", "{CEB44E40-E8A8-3F44-84BE-71E31D675CD0}"
EndProject
Project("{FAE04EC0-301F-11D3-BF4B-00C04F79EFBC}") = "Unity.VisualStudio.Editor", "Unity.VisualStudio.Editor.csproj", "{42C8F986-AB20-C960-A577-55B861E201CA}"
EndProject
Project("{FAE04EC0-301F-11D3-BF4B-00C04F79EFBC}") = "Unity.Searcher.Editor", "Unity.Searcher.Editor.csproj", "{25323E1F-7AC7-F3CE-33E0-61973BC3263F}"
EndProject
Project("{FAE04EC0-301F-11D3-BF4B-00C04F79EFBC}") = "Unity.ProBuilder.Editor", "Unity.ProBuilder.Editor.csproj", "{24955506-6A8A-1579-D737-723B6723D439}"
EndProject
Project("{FAE04EC0-301F-11D3-BF4B-00C04F79EFBC}") = "Unity.VisualScripting.Core", "Unity.VisualScripting.Core.csproj", "{236B9E70-CB58-7B6F-17CC-E7DE8550F393}"
EndProject
Project("{FAE04EC0-301F-11D3-BF4B-00C04F79EFBC}") = "Unity.Collections", "Unity.Collections.csproj", "{D0E641AC-AB8F-4693-F0AB-40CECA8FC76E}"
EndProject
Project("{FAE04EC0-301F-11D3-BF4B-00C04F79EFBC}") = "UnityEditor.TestRunner", "UnityEditor.TestRunner.csproj", "{331EA3E4-E3A6-62A8-90F4-6B0323F5B91C}"
EndProject
Project("{FAE04EC0-301F-11D3-BF4B-00C04F79EFBC}") = "Unity.AI.Navigation.Editor.ConversionSystem", "Unity.AI.Navigation.Editor.ConversionSystem.csproj", "{B31560E6-8502-9B3A-33C4-B4CBF2620630}"
EndProject
Project("{FAE04EC0-301F-11D3-BF4B-00C04F79EFBC}") = "Unity.VisualScripting.State.Editor", "Unity.VisualScripting.State.Editor.csproj", "{226EA38C-6943-E9C3-EB76-380888A0782C}"
EndProject
Project("{FAE04EC0-301F-11D3-BF4B-00C04F79EFBC}") = "Unity.TestTools.CodeCoverage.Editor", "Unity.TestTools.CodeCoverage.Editor.csproj", "{6102D40D-AF5A-2A2A-25BE-2FA3945148B4}"
EndProject
Project("{FAE04EC0-301F-11D3-BF4B-00C04F79EFBC}") = "Unity.Burst.CodeGen", "Unity.Burst.CodeGen.csproj", "{B6717F27-F85B-FCC9-CE45-3E8105F5BCE9}"
EndProject
Project("{FAE04EC0-301F-11D3-BF4B-00C04F79EFBC}") = "Unity.VisualScripting.Flow", "Unity.VisualScripting.Flow.csproj", "{C098414C-5562-8FFE-D5C4-E1A10D097FC2}"
EndProject
Project("{FAE04EC0-301F-11D3-BF4B-00C04F79EFBC}") = "Unity.TextMeshPro", "Unity.TextMeshPro.csproj", "{C04E13E5-4595-3D0B-F8FA-1CF794EE53E4}"
EndProject
Project("{FAE04EC0-301F-11D3-BF4B-00C04F79EFBC}") = "Unity.TestTools.CodeCoverage.Editor.OpenCover.Model", "Unity.TestTools.CodeCoverage.Editor.OpenCover.Model.csproj", "{FC61CA65-1678-E36E-3C84-E10F4B2EE58A}"
EndProject
Project("{FAE04EC0-301F-11D3-BF4B-00C04F79EFBC}") = "com.unity.cinemachine.editor", "com.unity.cinemachine.editor.csproj", "{8FAF9CD0-B12A-AB52-FEF8-65753A5960EC}"
EndProject
Project("{FAE04EC0-301F-11D3-BF4B-00C04F79EFBC}") = "Unity.Burst.Editor", "Unity.Burst.Editor.csproj", "{81DBA38D-7806-EABF-1316-F82DA9086C25}"
EndProject
Project("{FAE04EC0-301F-11D3-BF4B-00C04F79EFBC}") = "Unity.TestTools.CodeCoverage.Editor.OpenCover.Mono.Reflection", "Unity.TestTools.CodeCoverage.Editor.OpenCover.Mono.Reflection.csproj", "{3296AC98-1447-C859-4D3F-FE139BBEFC90}"
EndProject
Project("{FAE04EC0-301F-11D3-BF4B-00C04F79EFBC}") = "Unity.Rider.Editor", "Unity.Rider.Editor.csproj", "{82DC3C96-28B6-7DBE-587E-BCD31A5861B0}"
EndProject
Project("{FAE04EC0-301F-11D3-BF4B-00C04F79EFBC}") = "Unity.VisualScripting.State", "Unity.VisualScripting.State.csproj", "{E09C4F8D-5184-1FBE-FFB2-8E6C3712E821}"
EndProject
Project("{FAE04EC0-301F-11D3-BF4B-00C04F79EFBC}") = "Unity.AI.Navigation.Updater", "Unity.AI.Navigation.Updater.csproj", "{36FB21A6-D465-425B-BD6F-8D8E2A82E2D5}"
EndProject
Project("{FAE04EC0-301F-11D3-BF4B-00C04F79EFBC}") = "Unity.Performance.Profile-Analyzer.Editor", "Unity.Performance.Profile-Analyzer.Editor.csproj", "{9B8B02CD-C6F6-CB68-A6F6-B4951EF306AA}"
EndProject
Project("{FAE04EC0-301F-11D3-BF4B-00C04F79EFBC}") = "Unity.AI.Navigation.Editor", "Unity.AI.Navigation.Editor.csproj", "{255CF257-A1BC-CCD2-AA8B-0E0D475178E5}"
EndProject
Project("{FAE04EC0-301F-11D3-BF4B-00C04F79EFBC}") = "Unity.ProBuilder.KdTree", "Unity.ProBuilder.KdTree.csproj", "{0A11E137-2970-D4EB-605C-B953CE6C7FE6}"
EndProject
Project("{FAE04EC0-301F-11D3-BF4B-00C04F79EFBC}") = "Unity.ProBuilder.AddOns.Editor", "Unity.ProBuilder.AddOns.Editor.csproj", "{A4BED7CB-3D63-8E23-A45C-F244B52E7DD3}"
EndProject
Project("{FAE04EC0-301F-11D3-BF4B-00C04F79EFBC}") = "Unity.ProGrids.Editor", "Unity.ProGrids.Editor.csproj", "{9ECADB54-7342-75AA-F827-01E6ABAAC086}"
EndProject
Project("{FAE04EC0-301F-11D3-BF4B-00C04F79EFBC}") = "Unity.AI.Navigation", "Unity.AI.Navigation.csproj", "{7E4FEC68-8F45-8A69-EC13-3AD8A6460021}"
EndProject
Project("{FAE04EC0-301F-11D3-BF4B-00C04F79EFBC}") = "Unity.Collections.CodeGen", "Unity.Collections.CodeGen.csproj", "{FD8DC6A9-A9BC-2A68-1A64-5C7038377E69}"
EndProject
Project("{FAE04EC0-301F-11D3-BF4B-00C04F79EFBC}") = "Unity.Mathematics.Editor", "Unity.Mathematics.Editor.csproj", "{AD5F5F4D-09F5-949C-86E1-FDCA66315003}"
EndProject
Project("{FAE04EC0-301F-11D3-BF4B-00C04F79EFBC}") = "Unity.VisualScripting.SettingsProvider.Editor", "Unity.VisualScripting.SettingsProvider.Editor.csproj", "{DC3C8B90-70D8-6FD8-71B6-8F1CFAB97434}"
EndProject
Project("{FAE04EC0-301F-11D3-BF4B-00C04F79EFBC}") = "Assembly-CSharp-Editor", "Assembly-CSharp-Editor.csproj", "{62A5AFAB-A8EC-2C31-DEF8-B6C5334E45D8}"
EndProject
Project("{FAE04EC0-301F-11D3-BF4B-00C04F79EFBC}") = "Unity.VSCode.Editor", "Unity.VSCode.Editor.csproj", "{7432A455-905B-27B7-0364-521CD9382DA3}"
EndProject
Project("{FAE04EC0-301F-11D3-BF4B-00C04F79EFBC}") = "Unity.ProBuilder.AssetIdRemapUtility", "Unity.ProBuilder.AssetIdRemapUtility.csproj", "{D4CA7A69-1927-CC36-5E26-D470EE6E945C}"
EndProject
Project("{FAE04EC0-301F-11D3-BF4B-00C04F79EFBC}") = "Unity.ProGrids", "Unity.ProGrids.csproj", "{B519AE0A-817B-3C7A-7650-AEE86CBA0833}"
EndProject
Project("{FAE04EC0-301F-11D3-BF4B-00C04F79EFBC}") = "Unity.Settings.Editor", "Unity.Settings.Editor.csproj", "{9357FCCA-B58A-C20D-89C4-DEB91C86745B}"
EndProject
Project("{FAE04EC0-301F-11D3-BF4B-00C04F79EFBC}") = "Unity.VisualScripting.Shared.Editor", "Unity.VisualScripting.Shared.Editor.csproj", "{28D7A869-54FC-A7D1-9245-E8A79A82765C}"
EndProject
Project("{FAE04EC0-301F-11D3-BF4B-00C04F79EFBC}") = "Unity.Toolchain.Win-x86_64-Linux-x86_64", "Unity.Toolchain.Win-x86_64-Linux-x86_64.csproj", "{5A15CB6E-0EC7-E027-7382-20E59919B97C}"
EndProject
Project("{FAE04EC0-301F-11D3-BF4B-00C04F79EFBC}") = "Unity.EditorCoroutines.Editor", "Unity.EditorCoroutines.Editor.csproj", "{E27AC1C9-17C4-F2FD-01B1-69B17F101252}"
EndProject
Project("{FAE04EC0-301F-11D3-BF4B-00C04F79EFBC}") = "Unity.Collections.DocCodeSamples", "Unity.Collections.DocCodeSamples.csproj", "{2B9E0880-2D88-767C-C376-3FFD6AAA52FA}"
EndProject
Project("{FAE04EC0-301F-11D3-BF4B-00C04F79EFBC}") = "Assembly-CSharp", "Assembly-CSharp.csproj", "{6FBF3C07-3F9C-4F62-EE9D-57D9E417A363}"
EndProject
Project("{FAE04EC0-301F-11D3-BF4B-00C04F79EFBC}") = "Unity.TerrainTools", "Unity.TerrainTools.csproj", "{8751E11C-4506-C80C-3A55-5C04EF8D4AA1}"
EndProject
Project("{FAE04EC0-301F-11D3-BF4B-00C04F79EFBC}") = "Unity.SysrootPackage.Editor", "Unity.SysrootPackage.Editor.csproj", "{4AA40374-1502-141A-3C30-0341BFD24E7C}"
EndProject
Project("{FAE04EC0-301F-11D3-BF4B-00C04F79EFBC}") = "Unity.CollabProxy.Editor", "Unity.CollabProxy.Editor.csproj", "{98197269-E300-3C3D-76EC-2C0C8AC4326E}"
EndProject
Project("{FAE04EC0-301F-11D3-BF4B-00C04F79EFBC}") = "Unity.Sysroot.Linux_x86_64", "Unity.Sysroot.Linux_x86_64.csproj", "{2CF67E35-DA57-4AE6-9810-507C291F4961}"
EndProject
Project("{FAE04EC0-301F-11D3-BF4B-00C04F79EFBC}") = "Unity.ProBuilder.Stl", "Unity.ProBuilder.Stl.csproj", "{F1A94CF2-805F-B17E-1F73-EDC52989BFBB}"
EndProject
Project("{FAE04EC0-301F-11D3-BF4B-00C04F79EFBC}") = "Unity.Collections.Editor", "Unity.Collections.Editor.csproj", "{EF971CA8-82BC-E0F3-6908-E04FDD88BEB4}"
EndProject
Project("{FAE04EC0-301F-11D3-BF4B-00C04F79EFBC}") = "Unity.Collections.BurstCompatibilityGen", "Unity.Collections.BurstCompatibilityGen.csproj", "{D553F3A1-C9B4-437D-0338-350922754777}"
EndProject
Global
	GlobalSection(SolutionConfigurationPlatforms) = preSolution
		Debug|Any CPU = Debug|Any CPU
		Release|Any CPU = Release|Any CPU
	EndGlobalSection
	GlobalSection(ProjectConfigurationPlatforms) = postSolution
		{121D740D-EF1B-30DF-CDAD-CC372B0F53A7}.Debug|Any CPU.ActiveCfg = Debug|Any CPU
		{121D740D-EF1B-30DF-CDAD-CC372B0F53A7}.Debug|Any CPU.Build.0 = Debug|Any CPU
		{121D740D-EF1B-30DF-CDAD-CC372B0F53A7}.Release|Any CPU.ActiveCfg = Release|Any CPU
		{121D740D-EF1B-30DF-CDAD-CC372B0F53A7}.Release|Any CPU.Build.0 = Release|Any CPU
		{B0E95AB8-A8A7-375F-9C6B-9B87C1E97C4E}.Debug|Any CPU.ActiveCfg = Debug|Any CPU
		{B0E95AB8-A8A7-375F-9C6B-9B87C1E97C4E}.Debug|Any CPU.Build.0 = Debug|Any CPU
		{B0E95AB8-A8A7-375F-9C6B-9B87C1E97C4E}.Release|Any CPU.ActiveCfg = Release|Any CPU
		{B0E95AB8-A8A7-375F-9C6B-9B87C1E97C4E}.Release|Any CPU.Build.0 = Release|Any CPU
		{064E9CD5-115C-EFDB-029A-291294C68ACE}.Debug|Any CPU.ActiveCfg = Debug|Any CPU
		{064E9CD5-115C-EFDB-029A-291294C68ACE}.Debug|Any CPU.Build.0 = Debug|Any CPU
		{064E9CD5-115C-EFDB-029A-291294C68ACE}.Release|Any CPU.ActiveCfg = Release|Any CPU
		{064E9CD5-115C-EFDB-029A-291294C68ACE}.Release|Any CPU.Build.0 = Release|Any CPU
		{30D2FD19-55DE-C410-F2E4-4C5B30B5B082}.Debug|Any CPU.ActiveCfg = Debug|Any CPU
		{30D2FD19-55DE-C410-F2E4-4C5B30B5B082}.Debug|Any CPU.Build.0 = Debug|Any CPU
		{30D2FD19-55DE-C410-F2E4-4C5B30B5B082}.Release|Any CPU.ActiveCfg = Release|Any CPU
		{30D2FD19-55DE-C410-F2E4-4C5B30B5B082}.Release|Any CPU.Build.0 = Release|Any CPU
		{5B7CEFA9-D2A6-5AF0-562D-B502F93F0F91}.Debug|Any CPU.ActiveCfg = Debug|Any CPU
		{5B7CEFA9-D2A6-5AF0-562D-B502F93F0F91}.Debug|Any CPU.Build.0 = Debug|Any CPU
		{5B7CEFA9-D2A6-5AF0-562D-B502F93F0F91}.Release|Any CPU.ActiveCfg = Release|Any CPU
		{5B7CEFA9-D2A6-5AF0-562D-B502F93F0F91}.Release|Any CPU.Build.0 = Release|Any CPU
		{999DEFAB-A1E7-66D4-7459-39986FA4E2D1}.Debug|Any CPU.ActiveCfg = Debug|Any CPU
		{999DEFAB-A1E7-66D4-7459-39986FA4E2D1}.Debug|Any CPU.Build.0 = Debug|Any CPU
		{999DEFAB-A1E7-66D4-7459-39986FA4E2D1}.Release|Any CPU.ActiveCfg = Release|Any CPU
		{999DEFAB-A1E7-66D4-7459-39986FA4E2D1}.Release|Any CPU.Build.0 = Release|Any CPU
		{3A52279D-5FA7-6C2A-318B-F585A70D15E8}.Debug|Any CPU.ActiveCfg = Debug|Any CPU
		{3A52279D-5FA7-6C2A-318B-F585A70D15E8}.Debug|Any CPU.Build.0 = Debug|Any CPU
		{3A52279D-5FA7-6C2A-318B-F585A70D15E8}.Release|Any CPU.ActiveCfg = Release|Any CPU
		{3A52279D-5FA7-6C2A-318B-F585A70D15E8}.Release|Any CPU.Build.0 = Release|Any CPU
		{C8616829-F036-7A8F-6F2B-F9C19DC5E327}.Debug|Any CPU.ActiveCfg = Debug|Any CPU
		{C8616829-F036-7A8F-6F2B-F9C19DC5E327}.Debug|Any CPU.Build.0 = Debug|Any CPU
		{C8616829-F036-7A8F-6F2B-F9C19DC5E327}.Release|Any CPU.ActiveCfg = Release|Any CPU
		{C8616829-F036-7A8F-6F2B-F9C19DC5E327}.Release|Any CPU.Build.0 = Release|Any CPU
		{B5EADED2-D5DA-C85C-2566-2D76AC29132A}.Debug|Any CPU.ActiveCfg = Debug|Any CPU
		{B5EADED2-D5DA-C85C-2566-2D76AC29132A}.Debug|Any CPU.Build.0 = Debug|Any CPU
		{B5EADED2-D5DA-C85C-2566-2D76AC29132A}.Release|Any CPU.ActiveCfg = Release|Any CPU
		{B5EADED2-D5DA-C85C-2566-2D76AC29132A}.Release|Any CPU.Build.0 = Release|Any CPU
		{D4F29E2B-C7DC-AA54-DA9D-7D25567CF107}.Debug|Any CPU.ActiveCfg = Debug|Any CPU
		{D4F29E2B-C7DC-AA54-DA9D-7D25567CF107}.Debug|Any CPU.Build.0 = Debug|Any CPU
		{D4F29E2B-C7DC-AA54-DA9D-7D25567CF107}.Release|Any CPU.ActiveCfg = Release|Any CPU
		{D4F29E2B-C7DC-AA54-DA9D-7D25567CF107}.Release|Any CPU.Build.0 = Release|Any CPU
		{C0F61769-2A6D-45F5-D7E2-79912990FAFB}.Debug|Any CPU.ActiveCfg = Debug|Any CPU
		{C0F61769-2A6D-45F5-D7E2-79912990FAFB}.Debug|Any CPU.Build.0 = Debug|Any CPU
		{C0F61769-2A6D-45F5-D7E2-79912990FAFB}.Release|Any CPU.ActiveCfg = Release|Any CPU
		{C0F61769-2A6D-45F5-D7E2-79912990FAFB}.Release|Any CPU.Build.0 = Release|Any CPU
		{360D3DDE-EDF7-3C9F-E948-4BF85D8BCFD9}.Debug|Any CPU.ActiveCfg = Debug|Any CPU
		{360D3DDE-EDF7-3C9F-E948-4BF85D8BCFD9}.Debug|Any CPU.Build.0 = Debug|Any CPU
		{360D3DDE-EDF7-3C9F-E948-4BF85D8BCFD9}.Release|Any CPU.ActiveCfg = Release|Any CPU
		{360D3DDE-EDF7-3C9F-E948-4BF85D8BCFD9}.Release|Any CPU.Build.0 = Release|Any CPU
		{DE434760-EB14-8F4F-1B4D-16F78D49A776}.Debug|Any CPU.ActiveCfg = Debug|Any CPU
		{DE434760-EB14-8F4F-1B4D-16F78D49A776}.Debug|Any CPU.Build.0 = Debug|Any CPU
		{DE434760-EB14-8F4F-1B4D-16F78D49A776}.Release|Any CPU.ActiveCfg = Release|Any CPU
		{DE434760-EB14-8F4F-1B4D-16F78D49A776}.Release|Any CPU.Build.0 = Release|Any CPU
		{CEB44E40-E8A8-3F44-84BE-71E31D675CD0}.Debug|Any CPU.ActiveCfg = Debug|Any CPU
		{CEB44E40-E8A8-3F44-84BE-71E31D675CD0}.Debug|Any CPU.Build.0 = Debug|Any CPU
		{CEB44E40-E8A8-3F44-84BE-71E31D675CD0}.Release|Any CPU.ActiveCfg = Release|Any CPU
		{CEB44E40-E8A8-3F44-84BE-71E31D675CD0}.Release|Any CPU.Build.0 = Release|Any CPU
		{42C8F986-AB20-C960-A577-55B861E201CA}.Debug|Any CPU.ActiveCfg = Debug|Any CPU
		{42C8F986-AB20-C960-A577-55B861E201CA}.Debug|Any CPU.Build.0 = Debug|Any CPU
		{42C8F986-AB20-C960-A577-55B861E201CA}.Release|Any CPU.ActiveCfg = Release|Any CPU
		{42C8F986-AB20-C960-A577-55B861E201CA}.Release|Any CPU.Build.0 = Release|Any CPU
		{25323E1F-7AC7-F3CE-33E0-61973BC3263F}.Debug|Any CPU.ActiveCfg = Debug|Any CPU
		{25323E1F-7AC7-F3CE-33E0-61973BC3263F}.Debug|Any CPU.Build.0 = Debug|Any CPU
		{25323E1F-7AC7-F3CE-33E0-61973BC3263F}.Release|Any CPU.ActiveCfg = Release|Any CPU
		{25323E1F-7AC7-F3CE-33E0-61973BC3263F}.Release|Any CPU.Build.0 = Release|Any CPU
		{24955506-6A8A-1579-D737-723B6723D439}.Debug|Any CPU.ActiveCfg = Debug|Any CPU
		{24955506-6A8A-1579-D737-723B6723D439}.Debug|Any CPU.Build.0 = Debug|Any CPU
		{24955506-6A8A-1579-D737-723B6723D439}.Release|Any CPU.ActiveCfg = Release|Any CPU
		{24955506-6A8A-1579-D737-723B6723D439}.Release|Any CPU.Build.0 = Release|Any CPU
		{236B9E70-CB58-7B6F-17CC-E7DE8550F393}.Debug|Any CPU.ActiveCfg = Debug|Any CPU
		{236B9E70-CB58-7B6F-17CC-E7DE8550F393}.Debug|Any CPU.Build.0 = Debug|Any CPU
		{236B9E70-CB58-7B6F-17CC-E7DE8550F393}.Release|Any CPU.ActiveCfg = Release|Any CPU
		{236B9E70-CB58-7B6F-17CC-E7DE8550F393}.Release|Any CPU.Build.0 = Release|Any CPU
		{D0E641AC-AB8F-4693-F0AB-40CECA8FC76E}.Debug|Any CPU.ActiveCfg = Debug|Any CPU
		{D0E641AC-AB8F-4693-F0AB-40CECA8FC76E}.Debug|Any CPU.Build.0 = Debug|Any CPU
		{D0E641AC-AB8F-4693-F0AB-40CECA8FC76E}.Release|Any CPU.ActiveCfg = Release|Any CPU
		{D0E641AC-AB8F-4693-F0AB-40CECA8FC76E}.Release|Any CPU.Build.0 = Release|Any CPU
		{331EA3E4-E3A6-62A8-90F4-6B0323F5B91C}.Debug|Any CPU.ActiveCfg = Debug|Any CPU
		{331EA3E4-E3A6-62A8-90F4-6B0323F5B91C}.Debug|Any CPU.Build.0 = Debug|Any CPU
		{331EA3E4-E3A6-62A8-90F4-6B0323F5B91C}.Release|Any CPU.ActiveCfg = Release|Any CPU
		{331EA3E4-E3A6-62A8-90F4-6B0323F5B91C}.Release|Any CPU.Build.0 = Release|Any CPU
		{B31560E6-8502-9B3A-33C4-B4CBF2620630}.Debug|Any CPU.ActiveCfg = Debug|Any CPU
		{B31560E6-8502-9B3A-33C4-B4CBF2620630}.Debug|Any CPU.Build.0 = Debug|Any CPU
		{B31560E6-8502-9B3A-33C4-B4CBF2620630}.Release|Any CPU.ActiveCfg = Release|Any CPU
		{B31560E6-8502-9B3A-33C4-B4CBF2620630}.Release|Any CPU.Build.0 = Release|Any CPU
		{226EA38C-6943-E9C3-EB76-380888A0782C}.Debug|Any CPU.ActiveCfg = Debug|Any CPU
		{226EA38C-6943-E9C3-EB76-380888A0782C}.Debug|Any CPU.Build.0 = Debug|Any CPU
		{226EA38C-6943-E9C3-EB76-380888A0782C}.Release|Any CPU.ActiveCfg = Release|Any CPU
		{226EA38C-6943-E9C3-EB76-380888A0782C}.Release|Any CPU.Build.0 = Release|Any CPU
		{6102D40D-AF5A-2A2A-25BE-2FA3945148B4}.Debug|Any CPU.ActiveCfg = Debug|Any CPU
		{6102D40D-AF5A-2A2A-25BE-2FA3945148B4}.Debug|Any CPU.Build.0 = Debug|Any CPU
		{6102D40D-AF5A-2A2A-25BE-2FA3945148B4}.Release|Any CPU.ActiveCfg = Release|Any CPU
		{6102D40D-AF5A-2A2A-25BE-2FA3945148B4}.Release|Any CPU.Build.0 = Release|Any CPU
		{B6717F27-F85B-FCC9-CE45-3E8105F5BCE9}.Debug|Any CPU.ActiveCfg = Debug|Any CPU
		{B6717F27-F85B-FCC9-CE45-3E8105F5BCE9}.Debug|Any CPU.Build.0 = Debug|Any CPU
		{B6717F27-F85B-FCC9-CE45-3E8105F5BCE9}.Release|Any CPU.ActiveCfg = Release|Any CPU
		{B6717F27-F85B-FCC9-CE45-3E8105F5BCE9}.Release|Any CPU.Build.0 = Release|Any CPU
		{C098414C-5562-8FFE-D5C4-E1A10D097FC2}.Debug|Any CPU.ActiveCfg = Debug|Any CPU
		{C098414C-5562-8FFE-D5C4-E1A10D097FC2}.Debug|Any CPU.Build.0 = Debug|Any CPU
		{C098414C-5562-8FFE-D5C4-E1A10D097FC2}.Release|Any CPU.ActiveCfg = Release|Any CPU
		{C098414C-5562-8FFE-D5C4-E1A10D097FC2}.Release|Any CPU.Build.0 = Release|Any CPU
		{C04E13E5-4595-3D0B-F8FA-1CF794EE53E4}.Debug|Any CPU.ActiveCfg = Debug|Any CPU
		{C04E13E5-4595-3D0B-F8FA-1CF794EE53E4}.Debug|Any CPU.Build.0 = Debug|Any CPU
		{C04E13E5-4595-3D0B-F8FA-1CF794EE53E4}.Release|Any CPU.ActiveCfg = Release|Any CPU
		{C04E13E5-4595-3D0B-F8FA-1CF794EE53E4}.Release|Any CPU.Build.0 = Release|Any CPU
		{FC61CA65-1678-E36E-3C84-E10F4B2EE58A}.Debug|Any CPU.ActiveCfg = Debug|Any CPU
		{FC61CA65-1678-E36E-3C84-E10F4B2EE58A}.Debug|Any CPU.Build.0 = Debug|Any CPU
		{FC61CA65-1678-E36E-3C84-E10F4B2EE58A}.Release|Any CPU.ActiveCfg = Release|Any CPU
		{FC61CA65-1678-E36E-3C84-E10F4B2EE58A}.Release|Any CPU.Build.0 = Release|Any CPU
		{8FAF9CD0-B12A-AB52-FEF8-65753A5960EC}.Debug|Any CPU.ActiveCfg = Debug|Any CPU
		{8FAF9CD0-B12A-AB52-FEF8-65753A5960EC}.Debug|Any CPU.Build.0 = Debug|Any CPU
		{8FAF9CD0-B12A-AB52-FEF8-65753A5960EC}.Release|Any CPU.ActiveCfg = Release|Any CPU
		{8FAF9CD0-B12A-AB52-FEF8-65753A5960EC}.Release|Any CPU.Build.0 = Release|Any CPU
		{81DBA38D-7806-EABF-1316-F82DA9086C25}.Debug|Any CPU.ActiveCfg = Debug|Any CPU
		{81DBA38D-7806-EABF-1316-F82DA9086C25}.Debug|Any CPU.Build.0 = Debug|Any CPU
		{81DBA38D-7806-EABF-1316-F82DA9086C25}.Release|Any CPU.ActiveCfg = Release|Any CPU
		{81DBA38D-7806-EABF-1316-F82DA9086C25}.Release|Any CPU.Build.0 = Release|Any CPU
		{3296AC98-1447-C859-4D3F-FE139BBEFC90}.Debug|Any CPU.ActiveCfg = Debug|Any CPU
		{3296AC98-1447-C859-4D3F-FE139BBEFC90}.Debug|Any CPU.Build.0 = Debug|Any CPU
		{3296AC98-1447-C859-4D3F-FE139BBEFC90}.Release|Any CPU.ActiveCfg = Release|Any CPU
		{3296AC98-1447-C859-4D3F-FE139BBEFC90}.Release|Any CPU.Build.0 = Release|Any CPU
		{82DC3C96-28B6-7DBE-587E-BCD31A5861B0}.Debug|Any CPU.ActiveCfg = Debug|Any CPU
		{82DC3C96-28B6-7DBE-587E-BCD31A5861B0}.Debug|Any CPU.Build.0 = Debug|Any CPU
		{82DC3C96-28B6-7DBE-587E-BCD31A5861B0}.Release|Any CPU.ActiveCfg = Release|Any CPU
		{82DC3C96-28B6-7DBE-587E-BCD31A5861B0}.Release|Any CPU.Build.0 = Release|Any CPU
		{E09C4F8D-5184-1FBE-FFB2-8E6C3712E821}.Debug|Any CPU.ActiveCfg = Debug|Any CPU
		{E09C4F8D-5184-1FBE-FFB2-8E6C3712E821}.Debug|Any CPU.Build.0 = Debug|Any CPU
		{E09C4F8D-5184-1FBE-FFB2-8E6C3712E821}.Release|Any CPU.ActiveCfg = Release|Any CPU
		{E09C4F8D-5184-1FBE-FFB2-8E6C3712E821}.Release|Any CPU.Build.0 = Release|Any CPU
		{36FB21A6-D465-425B-BD6F-8D8E2A82E2D5}.Debug|Any CPU.ActiveCfg = Debug|Any CPU
		{36FB21A6-D465-425B-BD6F-8D8E2A82E2D5}.Debug|Any CPU.Build.0 = Debug|Any CPU
		{36FB21A6-D465-425B-BD6F-8D8E2A82E2D5}.Release|Any CPU.ActiveCfg = Release|Any CPU
		{36FB21A6-D465-425B-BD6F-8D8E2A82E2D5}.Release|Any CPU.Build.0 = Release|Any CPU
		{9B8B02CD-C6F6-CB68-A6F6-B4951EF306AA}.Debug|Any CPU.ActiveCfg = Debug|Any CPU
		{9B8B02CD-C6F6-CB68-A6F6-B4951EF306AA}.Debug|Any CPU.Build.0 = Debug|Any CPU
		{9B8B02CD-C6F6-CB68-A6F6-B4951EF306AA}.Release|Any CPU.ActiveCfg = Release|Any CPU
		{9B8B02CD-C6F6-CB68-A6F6-B4951EF306AA}.Release|Any CPU.Build.0 = Release|Any CPU
		{255CF257-A1BC-CCD2-AA8B-0E0D475178E5}.Debug|Any CPU.ActiveCfg = Debug|Any CPU
		{255CF257-A1BC-CCD2-AA8B-0E0D475178E5}.Debug|Any CPU.Build.0 = Debug|Any CPU
		{255CF257-A1BC-CCD2-AA8B-0E0D475178E5}.Release|Any CPU.ActiveCfg = Release|Any CPU
		{255CF257-A1BC-CCD2-AA8B-0E0D475178E5}.Release|Any CPU.Build.0 = Release|Any CPU
		{0A11E137-2970-D4EB-605C-B953CE6C7FE6}.Debug|Any CPU.ActiveCfg = Debug|Any CPU
		{0A11E137-2970-D4EB-605C-B953CE6C7FE6}.Debug|Any CPU.Build.0 = Debug|Any CPU
		{0A11E137-2970-D4EB-605C-B953CE6C7FE6}.Release|Any CPU.ActiveCfg = Release|Any CPU
		{0A11E137-2970-D4EB-605C-B953CE6C7FE6}.Release|Any CPU.Build.0 = Release|Any CPU
		{A4BED7CB-3D63-8E23-A45C-F244B52E7DD3}.Debug|Any CPU.ActiveCfg = Debug|Any CPU
		{A4BED7CB-3D63-8E23-A45C-F244B52E7DD3}.Debug|Any CPU.Build.0 = Debug|Any CPU
		{A4BED7CB-3D63-8E23-A45C-F244B52E7DD3}.Release|Any CPU.ActiveCfg = Release|Any CPU
		{A4BED7CB-3D63-8E23-A45C-F244B52E7DD3}.Release|Any CPU.Build.0 = Release|Any CPU
		{9ECADB54-7342-75AA-F827-01E6ABAAC086}.Debug|Any CPU.ActiveCfg = Debug|Any CPU
		{9ECADB54-7342-75AA-F827-01E6ABAAC086}.Debug|Any CPU.Build.0 = Debug|Any CPU
		{9ECADB54-7342-75AA-F827-01E6ABAAC086}.Release|Any CPU.ActiveCfg = Release|Any CPU
		{9ECADB54-7342-75AA-F827-01E6ABAAC086}.Release|Any CPU.Build.0 = Release|Any CPU
		{7E4FEC68-8F45-8A69-EC13-3AD8A6460021}.Debug|Any CPU.ActiveCfg = Debug|Any CPU
		{7E4FEC68-8F45-8A69-EC13-3AD8A6460021}.Debug|Any CPU.Build.0 = Debug|Any CPU
		{7E4FEC68-8F45-8A69-EC13-3AD8A6460021}.Release|Any CPU.ActiveCfg = Release|Any CPU
		{7E4FEC68-8F45-8A69-EC13-3AD8A6460021}.Release|Any CPU.Build.0 = Release|Any CPU
		{FD8DC6A9-A9BC-2A68-1A64-5C7038377E69}.Debug|Any CPU.ActiveCfg = Debug|Any CPU
		{FD8DC6A9-A9BC-2A68-1A64-5C7038377E69}.Debug|Any CPU.Build.0 = Debug|Any CPU
		{FD8DC6A9-A9BC-2A68-1A64-5C7038377E69}.Release|Any CPU.ActiveCfg = Release|Any CPU
		{FD8DC6A9-A9BC-2A68-1A64-5C7038377E69}.Release|Any CPU.Build.0 = Release|Any CPU
		{AD5F5F4D-09F5-949C-86E1-FDCA66315003}.Debug|Any CPU.ActiveCfg = Debug|Any CPU
		{AD5F5F4D-09F5-949C-86E1-FDCA66315003}.Debug|Any CPU.Build.0 = Debug|Any CPU
		{AD5F5F4D-09F5-949C-86E1-FDCA66315003}.Release|Any CPU.ActiveCfg = Release|Any CPU
		{AD5F5F4D-09F5-949C-86E1-FDCA66315003}.Release|Any CPU.Build.0 = Release|Any CPU
		{DC3C8B90-70D8-6FD8-71B6-8F1CFAB97434}.Debug|Any CPU.ActiveCfg = Debug|Any CPU
		{DC3C8B90-70D8-6FD8-71B6-8F1CFAB97434}.Debug|Any CPU.Build.0 = Debug|Any CPU
		{DC3C8B90-70D8-6FD8-71B6-8F1CFAB97434}.Release|Any CPU.ActiveCfg = Release|Any CPU
		{DC3C8B90-70D8-6FD8-71B6-8F1CFAB97434}.Release|Any CPU.Build.0 = Release|Any CPU
		{62A5AFAB-A8EC-2C31-DEF8-B6C5334E45D8}.Debug|Any CPU.ActiveCfg = Debug|Any CPU
		{62A5AFAB-A8EC-2C31-DEF8-B6C5334E45D8}.Debug|Any CPU.Build.0 = Debug|Any CPU
		{62A5AFAB-A8EC-2C31-DEF8-B6C5334E45D8}.Release|Any CPU.ActiveCfg = Release|Any CPU
		{62A5AFAB-A8EC-2C31-DEF8-B6C5334E45D8}.Release|Any CPU.Build.0 = Release|Any CPU
		{7432A455-905B-27B7-0364-521CD9382DA3}.Debug|Any CPU.ActiveCfg = Debug|Any CPU
		{7432A455-905B-27B7-0364-521CD9382DA3}.Debug|Any CPU.Build.0 = Debug|Any CPU
		{7432A455-905B-27B7-0364-521CD9382DA3}.Release|Any CPU.ActiveCfg = Release|Any CPU
		{7432A455-905B-27B7-0364-521CD9382DA3}.Release|Any CPU.Build.0 = Release|Any CPU
		{D4CA7A69-1927-CC36-5E26-D470EE6E945C}.Debug|Any CPU.ActiveCfg = Debug|Any CPU
		{D4CA7A69-1927-CC36-5E26-D470EE6E945C}.Debug|Any CPU.Build.0 = Debug|Any CPU
		{D4CA7A69-1927-CC36-5E26-D470EE6E945C}.Release|Any CPU.ActiveCfg = Release|Any CPU
		{D4CA7A69-1927-CC36-5E26-D470EE6E945C}.Release|Any CPU.Build.0 = Release|Any CPU
		{B519AE0A-817B-3C7A-7650-AEE86CBA0833}.Debug|Any CPU.ActiveCfg = Debug|Any CPU
		{B519AE0A-817B-3C7A-7650-AEE86CBA0833}.Debug|Any CPU.Build.0 = Debug|Any CPU
		{B519AE0A-817B-3C7A-7650-AEE86CBA0833}.Release|Any CPU.ActiveCfg = Release|Any CPU
		{B519AE0A-817B-3C7A-7650-AEE86CBA0833}.Release|Any CPU.Build.0 = Release|Any CPU
		{9357FCCA-B58A-C20D-89C4-DEB91C86745B}.Debug|Any CPU.ActiveCfg = Debug|Any CPU
		{9357FCCA-B58A-C20D-89C4-DEB91C86745B}.Debug|Any CPU.Build.0 = Debug|Any CPU
		{9357FCCA-B58A-C20D-89C4-DEB91C86745B}.Release|Any CPU.ActiveCfg = Release|Any CPU
		{9357FCCA-B58A-C20D-89C4-DEB91C86745B}.Release|Any CPU.Build.0 = Release|Any CPU
		{28D7A869-54FC-A7D1-9245-E8A79A82765C}.Debug|Any CPU.ActiveCfg = Debug|Any CPU
		{28D7A869-54FC-A7D1-9245-E8A79A82765C}.Debug|Any CPU.Build.0 = Debug|Any CPU
		{28D7A869-54FC-A7D1-9245-E8A79A82765C}.Release|Any CPU.ActiveCfg = Release|Any CPU
		{28D7A869-54FC-A7D1-9245-E8A79A82765C}.Release|Any CPU.Build.0 = Release|Any CPU
		{5A15CB6E-0EC7-E027-7382-20E59919B97C}.Debug|Any CPU.ActiveCfg = Debug|Any CPU
		{5A15CB6E-0EC7-E027-7382-20E59919B97C}.Debug|Any CPU.Build.0 = Debug|Any CPU
		{5A15CB6E-0EC7-E027-7382-20E59919B97C}.Release|Any CPU.ActiveCfg = Release|Any CPU
		{5A15CB6E-0EC7-E027-7382-20E59919B97C}.Release|Any CPU.Build.0 = Release|Any CPU
		{E27AC1C9-17C4-F2FD-01B1-69B17F101252}.Debug|Any CPU.ActiveCfg = Debug|Any CPU
		{E27AC1C9-17C4-F2FD-01B1-69B17F101252}.Debug|Any CPU.Build.0 = Debug|Any CPU
		{E27AC1C9-17C4-F2FD-01B1-69B17F101252}.Release|Any CPU.ActiveCfg = Release|Any CPU
		{E27AC1C9-17C4-F2FD-01B1-69B17F101252}.Release|Any CPU.Build.0 = Release|Any CPU
		{2B9E0880-2D88-767C-C376-3FFD6AAA52FA}.Debug|Any CPU.ActiveCfg = Debug|Any CPU
		{2B9E0880-2D88-767C-C376-3FFD6AAA52FA}.Debug|Any CPU.Build.0 = Debug|Any CPU
		{2B9E0880-2D88-767C-C376-3FFD6AAA52FA}.Release|Any CPU.ActiveCfg = Release|Any CPU
		{2B9E0880-2D88-767C-C376-3FFD6AAA52FA}.Release|Any CPU.Build.0 = Release|Any CPU
		{6FBF3C07-3F9C-4F62-EE9D-57D9E417A363}.Debug|Any CPU.ActiveCfg = Debug|Any CPU
		{6FBF3C07-3F9C-4F62-EE9D-57D9E417A363}.Debug|Any CPU.Build.0 = Debug|Any CPU
		{6FBF3C07-3F9C-4F62-EE9D-57D9E417A363}.Release|Any CPU.ActiveCfg = Release|Any CPU
		{6FBF3C07-3F9C-4F62-EE9D-57D9E417A363}.Release|Any CPU.Build.0 = Release|Any CPU
		{8751E11C-4506-C80C-3A55-5C04EF8D4AA1}.Debug|Any CPU.ActiveCfg = Debug|Any CPU
		{8751E11C-4506-C80C-3A55-5C04EF8D4AA1}.Debug|Any CPU.Build.0 = Debug|Any CPU
		{8751E11C-4506-C80C-3A55-5C04EF8D4AA1}.Release|Any CPU.ActiveCfg = Release|Any CPU
		{8751E11C-4506-C80C-3A55-5C04EF8D4AA1}.Release|Any CPU.Build.0 = Release|Any CPU
		{4AA40374-1502-141A-3C30-0341BFD24E7C}.Debug|Any CPU.ActiveCfg = Debug|Any CPU
		{4AA40374-1502-141A-3C30-0341BFD24E7C}.Debug|Any CPU.Build.0 = Debug|Any CPU
		{4AA40374-1502-141A-3C30-0341BFD24E7C}.Release|Any CPU.ActiveCfg = Release|Any CPU
		{4AA40374-1502-141A-3C30-0341BFD24E7C}.Release|Any CPU.Build.0 = Release|Any CPU
		{98197269-E300-3C3D-76EC-2C0C8AC4326E}.Debug|Any CPU.ActiveCfg = Debug|Any CPU
		{98197269-E300-3C3D-76EC-2C0C8AC4326E}.Debug|Any CPU.Build.0 = Debug|Any CPU
		{98197269-E300-3C3D-76EC-2C0C8AC4326E}.Release|Any CPU.ActiveCfg = Release|Any CPU
		{98197269-E300-3C3D-76EC-2C0C8AC4326E}.Release|Any CPU.Build.0 = Release|Any CPU
		{2CF67E35-DA57-4AE6-9810-507C291F4961}.Debug|Any CPU.ActiveCfg = Debug|Any CPU
		{2CF67E35-DA57-4AE6-9810-507C291F4961}.Debug|Any CPU.Build.0 = Debug|Any CPU
		{2CF67E35-DA57-4AE6-9810-507C291F4961}.Release|Any CPU.ActiveCfg = Release|Any CPU
		{2CF67E35-DA57-4AE6-9810-507C291F4961}.Release|Any CPU.Build.0 = Release|Any CPU
		{F1A94CF2-805F-B17E-1F73-EDC52989BFBB}.Debug|Any CPU.ActiveCfg = Debug|Any CPU
		{F1A94CF2-805F-B17E-1F73-EDC52989BFBB}.Debug|Any CPU.Build.0 = Debug|Any CPU
		{F1A94CF2-805F-B17E-1F73-EDC52989BFBB}.Release|Any CPU.ActiveCfg = Release|Any CPU
		{F1A94CF2-805F-B17E-1F73-EDC52989BFBB}.Release|Any CPU.Build.0 = Release|Any CPU
		{EF971CA8-82BC-E0F3-6908-E04FDD88BEB4}.Debug|Any CPU.ActiveCfg = Debug|Any CPU
		{EF971CA8-82BC-E0F3-6908-E04FDD88BEB4}.Debug|Any CPU.Build.0 = Debug|Any CPU
		{EF971CA8-82BC-E0F3-6908-E04FDD88BEB4}.Release|Any CPU.ActiveCfg = Release|Any CPU
		{EF971CA8-82BC-E0F3-6908-E04FDD88BEB4}.Release|Any CPU.Build.0 = Release|Any CPU
		{D553F3A1-C9B4-437D-0338-350922754777}.Debug|Any CPU.ActiveCfg = Debug|Any CPU
		{D553F3A1-C9B4-437D-0338-350922754777}.Debug|Any CPU.Build.0 = Debug|Any CPU
		{D553F3A1-C9B4-437D-0338-350922754777}.Release|Any CPU.ActiveCfg = Release|Any CPU
		{D553F3A1-C9B4-437D-0338-350922754777}.Release|Any CPU.Build.0 = Release|Any CPU
	EndGlobalSection
	GlobalSection(SolutionProperties) = preSolution
		HideSolutionNode = FALSE
	EndGlobalSection
EndGlobal
